// !$*UTF8*$!
{
	archiveVersion = 1;
	classes = {
	};
	objectVersion = 53;
	objects = {

/* Begin PBXBuildFile section */
		8E0636792449025900EAA74E /* readme.txt in Resources */ = {isa = PBXBuildFile; fileRef = 8E0636782449025900EAA74E /* readme.txt */; };
		8E584CB123D708970000F9CC /* Main.storyboard in Resources */ = {isa = PBXBuildFile; fileRef = 8E584CAF23D708970000F9CC /* Main.storyboard */; };
		8E584CB323D7089A0000F9CC /* Assets.xcassets in Resources */ = {isa = PBXBuildFile; fileRef = 8E584CB223D7089A0000F9CC /* Assets.xcassets */; };
		8E584CB623D7089A0000F9CC /* LaunchScreen.storyboard in Resources */ = {isa = PBXBuildFile; fileRef = 8E584CB423D7089A0000F9CC /* LaunchScreen.storyboard */; };
		E25BED0E24BEAD5600294757 /* DiscardPileView.swift in Sources */ = {isa = PBXBuildFile; fileRef = E25BED0D24BEAD5600294757 /* DiscardPileView.swift */; };
		E26FA3DB24BFB8CA00C6B150 /* BounceBehavior.swift in Sources */ = {isa = PBXBuildFile; fileRef = E26FA3DA24BFB8CA00C6B150 /* BounceBehavior.swift */; };
		E26FA3DF24C0379200C6B150 /* Extensions.swift in Sources */ = {isa = PBXBuildFile; fileRef = E26FA3DE24C0379200C6B150 /* Extensions.swift */; };
		E27C531E24C7739D006765D5 /* Constants.swift in Sources */ = {isa = PBXBuildFile; fileRef = E27C531D24C7739D006765D5 /* Constants.swift */; };
		E2AA96B624A6CCDC007F60A6 /* AppDelegate.swift in Sources */ = {isa = PBXBuildFile; fileRef = 8E584CAB23D708970000F9CC /* AppDelegate.swift */; };
		E2E0DD8C24B588EF00F4E34A /* DrawDeckView.swift in Sources */ = {isa = PBXBuildFile; fileRef = E2E0DD8B24B588EF00F4E34A /* DrawDeckView.swift */; };
		E2E0DD8E24B58C3300F4E34A /* SetGameBoardView.swift in Sources */ = {isa = PBXBuildFile; fileRef = E2E0DD8D24B58C3200F4E34A /* SetGameBoardView.swift */; };
		E2E4EB3424A6CF9C00DBF7B0 /* SetCard.swift in Sources */ = {isa = PBXBuildFile; fileRef = E2E4EB2B24A6CF9100DBF7B0 /* SetCard.swift */; };
		E2E4EB3524A6CF9C00DBF7B0 /* SetGameViewController.swift in Sources */ = {isa = PBXBuildFile; fileRef = E2E4EB2C24A6CF9200DBF7B0 /* SetGameViewController.swift */; };
		E2E4EB3724A6CF9C00DBF7B0 /* SetGame.swift in Sources */ = {isa = PBXBuildFile; fileRef = E2E4EB2E24A6CF9300DBF7B0 /* SetGame.swift */; };
		E2E4EB3824A6CF9C00DBF7B0 /* SetDeck.swift in Sources */ = {isa = PBXBuildFile; fileRef = E2E4EB2F24A6CF9400DBF7B0 /* SetDeck.swift */; };
		E2E4EB3924A6CF9C00DBF7B0 /* SetCardView.swift in Sources */ = {isa = PBXBuildFile; fileRef = E2E4EB3024A6CF9600DBF7B0 /* SetCardView.swift */; };
		E2E4EB3C24A6CF9C00DBF7B0 /* Grid.swift in Sources */ = {isa = PBXBuildFile; fileRef = E2E4EB3324A6CF9B00DBF7B0 /* Grid.swift */; };
/* End PBXBuildFile section */

/* Begin PBXFileReference section */
		8E0636782449025900EAA74E /* readme.txt */ = {isa = PBXFileReference; lastKnownFileType = text; path = readme.txt; sourceTree = "<group>"; };
		8E584CA823D708960000F9CC /* GraphicalSetGame.app */ = {isa = PBXFileReference; explicitFileType = wrapper.application; includeInIndex = 0; path = GraphicalSetGame.app; sourceTree = BUILT_PRODUCTS_DIR; };
		8E584CAB23D708970000F9CC /* AppDelegate.swift */ = {isa = PBXFileReference; lastKnownFileType = sourcecode.swift; path = AppDelegate.swift; sourceTree = "<group>"; };
		8E584CB023D708970000F9CC /* Base */ = {isa = PBXFileReference; lastKnownFileType = file.storyboard; name = Base; path = Base.lproj/Main.storyboard; sourceTree = "<group>"; };
		8E584CB223D7089A0000F9CC /* Assets.xcassets */ = {isa = PBXFileReference; lastKnownFileType = folder.assetcatalog; path = Assets.xcassets; sourceTree = "<group>"; };
		8E584CB523D7089A0000F9CC /* Base */ = {isa = PBXFileReference; lastKnownFileType = file.storyboard; name = Base; path = Base.lproj/LaunchScreen.storyboard; sourceTree = "<group>"; };
		8E584CB723D7089A0000F9CC /* Info.plist */ = {isa = PBXFileReference; lastKnownFileType = text.plist.xml; path = Info.plist; sourceTree = "<group>"; };
		E25BED0D24BEAD5600294757 /* DiscardPileView.swift */ = {isa = PBXFileReference; lastKnownFileType = sourcecode.swift; path = DiscardPileView.swift; sourceTree = "<group>"; };
		E26FA3DA24BFB8CA00C6B150 /* BounceBehavior.swift */ = {isa = PBXFileReference; lastKnownFileType = sourcecode.swift; path = BounceBehavior.swift; sourceTree = "<group>"; };
		E26FA3DE24C0379200C6B150 /* Extensions.swift */ = {isa = PBXFileReference; lastKnownFileType = sourcecode.swift; path = Extensions.swift; sourceTree = "<group>"; };
		E27C531D24C7739D006765D5 /* Constants.swift */ = {isa = PBXFileReference; lastKnownFileType = sourcecode.swift; path = Constants.swift; sourceTree = "<group>"; };
		E2E0DD8B24B588EF00F4E34A /* DrawDeckView.swift */ = {isa = PBXFileReference; lastKnownFileType = sourcecode.swift; path = DrawDeckView.swift; sourceTree = "<group>"; };
		E2E0DD8D24B58C3200F4E34A /* SetGameBoardView.swift */ = {isa = PBXFileReference; fileEncoding = 4; lastKnownFileType = sourcecode.swift; path = SetGameBoardView.swift; sourceTree = "<group>"; };
		E2E4EB2B24A6CF9100DBF7B0 /* SetCard.swift */ = {isa = PBXFileReference; fileEncoding = 4; lastKnownFileType = sourcecode.swift; path = SetCard.swift; sourceTree = "<group>"; };
		E2E4EB2C24A6CF9200DBF7B0 /* SetGameViewController.swift */ = {isa = PBXFileReference; fileEncoding = 4; lastKnownFileType = sourcecode.swift; path = SetGameViewController.swift; sourceTree = "<group>"; };
		E2E4EB2E24A6CF9300DBF7B0 /* SetGame.swift */ = {isa = PBXFileReference; fileEncoding = 4; lastKnownFileType = sourcecode.swift; path = SetGame.swift; sourceTree = "<group>"; };
		E2E4EB2F24A6CF9400DBF7B0 /* SetDeck.swift */ = {isa = PBXFileReference; fileEncoding = 4; lastKnownFileType = sourcecode.swift; path = SetDeck.swift; sourceTree = "<group>"; };
		E2E4EB3024A6CF9600DBF7B0 /* SetCardView.swift */ = {isa = PBXFileReference; fileEncoding = 4; lastKnownFileType = sourcecode.swift; path = SetCardView.swift; sourceTree = "<group>"; };
		E2E4EB3324A6CF9B00DBF7B0 /* Grid.swift */ = {isa = PBXFileReference; fileEncoding = 4; lastKnownFileType = sourcecode.swift; path = Grid.swift; sourceTree = "<group>"; };
/* End PBXFileReference section */

/* Begin PBXFrameworksBuildPhase section */
		8E584CA523D708960000F9CC /* Frameworks */ = {
			isa = PBXFrameworksBuildPhase;
			buildActionMask = 2147483647;
			files = (
			);
			runOnlyForDeploymentPostprocessing = 0;
		};
/* End PBXFrameworksBuildPhase section */

/* Begin PBXGroup section */
		8E584C9F23D708960000F9CC = {
			isa = PBXGroup;
			children = (
				8E0636782449025900EAA74E /* readme.txt */,
				8E584CAA23D708970000F9CC /* GraphicalSetGame */,
				8E584CA923D708960000F9CC /* Products */,
			);
			sourceTree = "<group>";
		};
		8E584CA923D708960000F9CC /* Products */ = {
			isa = PBXGroup;
			children = (
				8E584CA823D708960000F9CC /* GraphicalSetGame.app */,
			);
			name = Products;
			sourceTree = "<group>";
		};
		8E584CAA23D708970000F9CC /* GraphicalSetGame */ = {
			isa = PBXGroup;
			children = (
				8E584CBD23D708DE0000F9CC /* Supporting Files */,
				8E584CAF23D708970000F9CC /* Main.storyboard */,
				E2E4EB2C24A6CF9200DBF7B0 /* SetGameViewController.swift */,
				E26FA3DE24C0379200C6B150 /* Extensions.swift */,
				E27C531D24C7739D006765D5 /* Constants.swift */,
				E2E4EB3324A6CF9B00DBF7B0 /* Grid.swift */,
				E26FA3DD24C036BC00C6B150 /* Model */,
				E26FA3DC24C0367300C6B150 /* View  */,
				8E584CB723D7089A0000F9CC /* Info.plist */,
			);
			path = GraphicalSetGame;
			sourceTree = "<group>";
		};
		8E584CBD23D708DE0000F9CC /* Supporting Files */ = {
			isa = PBXGroup;
			children = (
				8E584CAB23D708970000F9CC /* AppDelegate.swift */,
				8E584CB423D7089A0000F9CC /* LaunchScreen.storyboard */,
				8E584CB223D7089A0000F9CC /* Assets.xcassets */,
			);
			path = "Supporting Files";
			sourceTree = "<group>";
		};
		E26FA3DC24C0367300C6B150 /* View  */ = {
			isa = PBXGroup;
			children = (
				E2E4EB3024A6CF9600DBF7B0 /* SetCardView.swift */,
				E2E0DD8D24B58C3200F4E34A /* SetGameBoardView.swift */,
				E25BED0D24BEAD5600294757 /* DiscardPileView.swift */,
				E2E0DD8B24B588EF00F4E34A /* DrawDeckView.swift */,
				E26FA3DA24BFB8CA00C6B150 /* BounceBehavior.swift */,
			);
			path = "View ";
			sourceTree = "<group>";
		};
		E26FA3DD24C036BC00C6B150 /* Model */ = {
			isa = PBXGroup;
			children = (
				E2E4EB2B24A6CF9100DBF7B0 /* SetCard.swift */,
				E2E4EB2F24A6CF9400DBF7B0 /* SetDeck.swift */,
				E2E4EB2E24A6CF9300DBF7B0 /* SetGame.swift */,
			);
			path = Model;
			sourceTree = "<group>";
		};
/* End PBXGroup section */

/* Begin PBXNativeTarget section */
		8E584CA723D708960000F9CC /* GraphicalSetGame */ = {
			isa = PBXNativeTarget;
			buildConfigurationList = 8E584CBA23D7089A0000F9CC /* Build configuration list for PBXNativeTarget "GraphicalSetGame" */;
			buildPhases = (
				8E584CA423D708960000F9CC /* Sources */,
				8E584CA523D708960000F9CC /* Frameworks */,
				8E584CA623D708960000F9CC /* Resources */,
			);
			buildRules = (
			);
			dependencies = (
			);
			name = GraphicalSetGame;
			productName = GraphicalSetGame;
			productReference = 8E584CA823D708960000F9CC /* GraphicalSetGame.app */;
			productType = "com.apple.product-type.application";
		};
/* End PBXNativeTarget section */

/* Begin PBXProject section */
		8E584CA023D708960000F9CC /* Project object */ = {
			isa = PBXProject;
			attributes = {
				LastSwiftUpdateCheck = 1010;
				LastUpgradeCheck = 1010;
				ORGANIZATIONNAME = Dave;
				TargetAttributes = {
					8E584CA723D708960000F9CC = {
						CreatedOnToolsVersion = 10.1;
						LastSwiftMigration = 1150;
					};
				};
			};
			buildConfigurationList = 8E584CA323D708960000F9CC /* Build configuration list for PBXProject "GraphicalSetGame" */;
			compatibilityVersion = "Xcode 11.4";
			developmentRegion = en;
			hasScannedForEncodings = 0;
			knownRegions = (
				en,
				Base,
			);
			mainGroup = 8E584C9F23D708960000F9CC;
			productRefGroup = 8E584CA923D708960000F9CC /* Products */;
			projectDirPath = "";
			projectRoot = "";
			targets = (
				8E584CA723D708960000F9CC /* GraphicalSetGame */,
			);
		};
/* End PBXProject section */

/* Begin PBXResourcesBuildPhase section */
		8E584CA623D708960000F9CC /* Resources */ = {
			isa = PBXResourcesBuildPhase;
			buildActionMask = 2147483647;
			files = (
				8E584CB623D7089A0000F9CC /* LaunchScreen.storyboard in Resources */,
				8E584CB323D7089A0000F9CC /* Assets.xcassets in Resources */,
				8E0636792449025900EAA74E /* readme.txt in Resources */,
				8E584CB123D708970000F9CC /* Main.storyboard in Resources */,
			);
			runOnlyForDeploymentPostprocessing = 0;
		};
/* End PBXResourcesBuildPhase section */

/* Begin PBXSourcesBuildPhase section */
		8E584CA423D708960000F9CC /* Sources */ = {
			isa = PBXSourcesBuildPhase;
			buildActionMask = 2147483647;
			files = (
				E26FA3DB24BFB8CA00C6B150 /* BounceBehavior.swift in Sources */,
				E2E4EB3524A6CF9C00DBF7B0 /* SetGameViewController.swift in Sources */,
				E2E0DD8C24B588EF00F4E34A /* DrawDeckView.swift in Sources */,
				E2E4EB3424A6CF9C00DBF7B0 /* SetCard.swift in Sources */,
				E2E4EB3924A6CF9C00DBF7B0 /* SetCardView.swift in Sources */,
				E2E0DD8E24B58C3300F4E34A /* SetGameBoardView.swift in Sources */,
				E2E4EB3C24A6CF9C00DBF7B0 /* Grid.swift in Sources */,
				E27C531E24C7739D006765D5 /* Constants.swift in Sources */,
				E26FA3DF24C0379200C6B150 /* Extensions.swift in Sources */,
				E2E4EB3724A6CF9C00DBF7B0 /* SetGame.swift in Sources */,
				E2AA96B624A6CCDC007F60A6 /* AppDelegate.swift in Sources */,
				E2E4EB3824A6CF9C00DBF7B0 /* SetDeck.swift in Sources */,
				E25BED0E24BEAD5600294757 /* DiscardPileView.swift in Sources */,
			);
			runOnlyForDeploymentPostprocessing = 0;
		};
/* End PBXSourcesBuildPhase section */

/* Begin PBXVariantGroup section */
		8E584CAF23D708970000F9CC /* Main.storyboard */ = {
			isa = PBXVariantGroup;
			children = (
				8E584CB023D708970000F9CC /* Base */,
			);
			name = Main.storyboard;
			sourceTree = "<group>";
		};
		8E584CB423D7089A0000F9CC /* LaunchScreen.storyboard */ = {
			isa = PBXVariantGroup;
			children = (
				8E584CB523D7089A0000F9CC /* Base */,
			);
			name = LaunchScreen.storyboard;
			sourceTree = "<group>";
		};
/* End PBXVariantGroup section */

/* Begin XCBuildConfiguration section */
		8E584CB823D7089A0000F9CC /* Debug */ = {
			isa = XCBuildConfiguration;
			buildSettings = {
				ALWAYS_SEARCH_USER_PATHS = NO;
				CLANG_ANALYZER_NONNULL = YES;
				CLANG_ANALYZER_NUMBER_OBJECT_CONVERSION = YES_AGGRESSIVE;
				CLANG_CXX_LANGUAGE_STANDARD = "gnu++14";
				CLANG_CXX_LIBRARY = "libc++";
				CLANG_ENABLE_MODULES = YES;
				CLANG_ENABLE_OBJC_ARC = YES;
				CLANG_ENABLE_OBJC_WEAK = YES;
				CLANG_WARN_BLOCK_CAPTURE_AUTORELEASING = YES;
				CLANG_WARN_BOOL_CONVERSION = YES;
				CLANG_WARN_COMMA = YES;
				CLANG_WARN_CONSTANT_CONVERSION = YES;
				CLANG_WARN_DEPRECATED_OBJC_IMPLEMENTATIONS = YES;
				CLANG_WARN_DIRECT_OBJC_ISA_USAGE = YES_ERROR;
				CLANG_WARN_DOCUMENTATION_COMMENTS = YES;
				CLANG_WARN_EMPTY_BODY = YES;
				CLANG_WARN_ENUM_CONVERSION = YES;
				CLANG_WARN_INFINITE_RECURSION = YES;
				CLANG_WARN_INT_CONVERSION = YES;
				CLANG_WARN_NON_LITERAL_NULL_CONVERSION = YES;
				CLANG_WARN_OBJC_IMPLICIT_RETAIN_SELF = YES;
				CLANG_WARN_OBJC_LITERAL_CONVERSION = YES;
				CLANG_WARN_OBJC_ROOT_CLASS = YES_ERROR;
				CLANG_WARN_RANGE_LOOP_ANALYSIS = YES;
				CLANG_WARN_STRICT_PROTOTYPES = YES;
				CLANG_WARN_SUSPICIOUS_MOVE = YES;
				CLANG_WARN_UNGUARDED_AVAILABILITY = YES_AGGRESSIVE;
				CLANG_WARN_UNREACHABLE_CODE = YES;
				CLANG_WARN__DUPLICATE_METHOD_MATCH = YES;
				CODE_SIGN_IDENTITY = "iPhone Developer";
				COPY_PHASE_STRIP = NO;
				DEBUG_INFORMATION_FORMAT = dwarf;
				ENABLE_STRICT_OBJC_MSGSEND = YES;
				ENABLE_TESTABILITY = YES;
				GCC_C_LANGUAGE_STANDARD = gnu11;
				GCC_DYNAMIC_NO_PIC = NO;
				GCC_NO_COMMON_BLOCKS = YES;
				GCC_OPTIMIZATION_LEVEL = 0;
				GCC_PREPROCESSOR_DEFINITIONS = (
					"DEBUG=1",
					"$(inherited)",
				);
				GCC_WARN_64_TO_32_BIT_CONVERSION = YES;
				GCC_WARN_ABOUT_RETURN_TYPE = YES_ERROR;
				GCC_WARN_UNDECLARED_SELECTOR = YES;
				GCC_WARN_UNINITIALIZED_AUTOS = YES_AGGRESSIVE;
				GCC_WARN_UNUSED_FUNCTION = YES;
				GCC_WARN_UNUSED_VARIABLE = YES;
				IPHONEOS_DEPLOYMENT_TARGET = 13.5;
				MTL_ENABLE_DEBUG_INFO = INCLUDE_SOURCE;
				MTL_FAST_MATH = YES;
				ONLY_ACTIVE_ARCH = YES;
				SDKROOT = iphoneos;
				SWIFT_ACTIVE_COMPILATION_CONDITIONS = DEBUG;
				SWIFT_OPTIMIZATION_LEVEL = "-Onone";
			};
			name = Debug;
		};
		8E584CB923D7089A0000F9CC /* Release */ = {
			isa = XCBuildConfiguration;
			buildSettings = {
				ALWAYS_SEARCH_USER_PATHS = NO;
				CLANG_ANALYZER_NONNULL = YES;
				CLANG_ANALYZER_NUMBER_OBJECT_CONVERSION = YES_AGGRESSIVE;
				CLANG_CXX_LANGUAGE_STANDARD = "gnu++14";
				CLANG_CXX_LIBRARY = "libc++";
				CLANG_ENABLE_MODULES = YES;
				CLANG_ENABLE_OBJC_ARC = YES;
				CLANG_ENABLE_OBJC_WEAK = YES;
				CLANG_WARN_BLOCK_CAPTURE_AUTORELEASING = YES;
				CLANG_WARN_BOOL_CONVERSION = YES;
				CLANG_WARN_COMMA = YES;
				CLANG_WARN_CONSTANT_CONVERSION = YES;
				CLANG_WARN_DEPRECATED_OBJC_IMPLEMENTATIONS = YES;
				CLANG_WARN_DIRECT_OBJC_ISA_USAGE = YES_ERROR;
				CLANG_WARN_DOCUMENTATION_COMMENTS = YES;
				CLANG_WARN_EMPTY_BODY = YES;
				CLANG_WARN_ENUM_CONVERSION = YES;
				CLANG_WARN_INFINITE_RECURSION = YES;
				CLANG_WARN_INT_CONVERSION = YES;
				CLANG_WARN_NON_LITERAL_NULL_CONVERSION = YES;
				CLANG_WARN_OBJC_IMPLICIT_RETAIN_SELF = YES;
				CLANG_WARN_OBJC_LITERAL_CONVERSION = YES;
				CLANG_WARN_OBJC_ROOT_CLASS = YES_ERROR;
				CLANG_WARN_RANGE_LOOP_ANALYSIS = YES;
				CLANG_WARN_STRICT_PROTOTYPES = YES;
				CLANG_WARN_SUSPICIOUS_MOVE = YES;
				CLANG_WARN_UNGUARDED_AVAILABILITY = YES_AGGRESSIVE;
				CLANG_WARN_UNREACHABLE_CODE = YES;
				CLANG_WARN__DUPLICATE_METHOD_MATCH = YES;
				CODE_SIGN_IDENTITY = "iPhone Developer";
				COPY_PHASE_STRIP = NO;
				DEBUG_INFORMATION_FORMAT = "dwarf-with-dsym";
				ENABLE_NS_ASSERTIONS = NO;
				ENABLE_STRICT_OBJC_MSGSEND = YES;
				GCC_C_LANGUAGE_STANDARD = gnu11;
				GCC_NO_COMMON_BLOCKS = YES;
				GCC_WARN_64_TO_32_BIT_CONVERSION = YES;
				GCC_WARN_ABOUT_RETURN_TYPE = YES_ERROR;
				GCC_WARN_UNDECLARED_SELECTOR = YES;
				GCC_WARN_UNINITIALIZED_AUTOS = YES_AGGRESSIVE;
				GCC_WARN_UNUSED_FUNCTION = YES;
				GCC_WARN_UNUSED_VARIABLE = YES;
				IPHONEOS_DEPLOYMENT_TARGET = 13.5;
				MTL_ENABLE_DEBUG_INFO = NO;
				MTL_FAST_MATH = YES;
				SDKROOT = iphoneos;
				SWIFT_COMPILATION_MODE = wholemodule;
				SWIFT_OPTIMIZATION_LEVEL = "-O";
				VALIDATE_PRODUCT = YES;
			};
			name = Release;
		};
		8E584CBB23D7089A0000F9CC /* Debug */ = {
			isa = XCBuildConfiguration;
			buildSettings = {
				ASSETCATALOG_COMPILER_APPICON_NAME = AppIcon;
				CODE_SIGN_STYLE = Automatic;
				DEVELOPMENT_TEAM = K99VG22QUX;
				INFOPLIST_FILE = GraphicalSetGame/Info.plist;
				LD_RUNPATH_SEARCH_PATHS = (
					"$(inherited)",
					"@executable_path/Frameworks",
				);
				PRODUCT_BUNDLE_IDENTIFIER = olympicsw.GraphicalSetGame;
				PRODUCT_NAME = "$(TARGET_NAME)";
				SWIFT_VERSION = 5.0;
				TARGETED_DEVICE_FAMILY = 1;
			};
			name = Debug;
		};
		8E584CBC23D7089A0000F9CC /* Release */ = {
			isa = XCBuildConfiguration;
			buildSettings = {
				ASSETCATALOG_COMPILER_APPICON_NAME = AppIcon;
				CODE_SIGN_STYLE = Automatic;
				DEVELOPMENT_TEAM = K99VG22QUX;
				INFOPLIST_FILE = GraphicalSetGame/Info.plist;
				LD_RUNPATH_SEARCH_PATHS = (
					"$(inherited)",
					"@executable_path/Frameworks",
				);
				PRODUCT_BUNDLE_IDENTIFIER = olympicsw.GraphicalSetGame;
				PRODUCT_NAME = "$(TARGET_NAME)";
				SWIFT_VERSION = 5.0;
				TARGETED_DEVICE_FAMILY = 1;
			};
			name = Release;
		};
/* End XCBuildConfiguration section */

/* Begin XCConfigurationList section */
		8E584CA323D708960000F9CC /* Build configuration list for PBXProject "GraphicalSetGame" */ = {
			isa = XCConfigurationList;
			buildConfigurations = (
				8E584CB823D7089A0000F9CC /* Debug */,
				8E584CB923D7089A0000F9CC /* Release */,
			);
			defaultConfigurationIsVisible = 0;
			defaultConfigurationName = Release;
		};
		8E584CBA23D7089A0000F9CC /* Build configuration list for PBXNativeTarget "GraphicalSetGame" */ = {
			isa = XCConfigurationList;
			buildConfigurations = (
				8E584CBB23D7089A0000F9CC /* Debug */,
				8E584CBC23D7089A0000F9CC /* Release */,
			);
			defaultConfigurationIsVisible = 0;
			defaultConfigurationName = Release;
		};
/* End XCConfigurationList section */
	};
	rootObject = 8E584CA023D708960000F9CC /* Project object */;
}
